{
  "name": "coder",
  "lockfileVersion": 2,
  "requires": true,
  "packages": {
    "": {
      "dependencies": {
        "pnpm": "^7.16.0"
      }
    },
    "node_modules/pnpm": {
      "version": "7.16.0",
      "resolved": "https://registry.npmjs.org/pnpm/-/pnpm-7.16.0.tgz",
      "integrity": "sha512-jGDe7kz6wmoJiiEn+zQBwV+h0PazsvkeXGS5RnM0bEAD2rTxMR+oOfhWfuEDXddiBocCDNuuo1PL4ChuvR0t/g==",
      "bin": {
        "pnpm": "bin/pnpm.cjs",
        "pnpx": "bin/pnpx.cjs"
      },
      "engines": {
        "node": ">=14.6"
      },
      "funding": {
        "url": "https://opencollective.com/pnpm"
      }
    }
  },
  "dependencies": {
    "pnpm": {
      "version": "7.16.0",
      "resolved": "https://registry.npmjs.org/pnpm/-/pnpm-7.16.0.tgz",
      "integrity": "sha512-jGDe7kz6wmoJiiEn+zQBwV+h0PazsvkeXGS5RnM0bEAD2rTxMR+oOfhWfuEDXddiBocCDNuuo1PL4ChuvR0t/g=="
    }
  }
}
